
Microsoft Visual Studio Solution File, Format Version 12.00
# Visual Studio Version 16
VisualStudioVersion = 16.0.28803.202
MinimumVisualStudioVersion = 10.0.40219.1
Project("{9A19103F-16F7-4668-BE54-9A1E7A4F7556}") = "angularspa", "angularspa.csproj", "{3F8B0B46-F9F7-45CF-92DC-74BA4F999B02}"
EndProject
Global
	GlobalSection(SolutionConfigurationPlatforms) = preSolution
		Debug|Any CPU = Debug|Any CPU
		Release|Any CPU = Release|Any CPU
	EndGlobalSection
	GlobalSection(ProjectConfigurationPlatforms) = postSolution
		{3F8B0B46-F9F7-45CF-92DC-74BA4F999B02}.Debug|Any CPU.ActiveCfg = Debug|Any CPU
		{3F8B0B46-F9F7-45CF-92DC-74BA4F999B02}.Debug|Any CPU.Build.0 = Debug|Any CPU
		{3F8B0B46-F9F7-45CF-92DC-74BA4F999B02}.Release|Any CPU.ActiveCfg = Release|Any CPU
		{3F8B0B46-F9F7-45CF-92DC-74BA4F999B02}.Release|Any CPU.Build.0 = Release|Any CPU
	EndGlobalSection
	GlobalSection(SolutionProperties) = preSolution
		HideSolutionNode = FALSE
	EndGlobalSection
	GlobalSection(ExtensibilityGlobals) = postSolution
		SolutionGuid = {71DFF263-C362-4021-9F1C-D92178BD941A}
	EndGlobalSection
EndGlobal
